
Microsoft Visual Studio Solution File, Format Version 12.00
# Visual Studio Version 17
VisualStudioVersion = 17.9.34701.34
MinimumVisualStudioVersion = 10.0.40219.1
Project("{FAE04EC0-301F-11D3-BF4B-00C04F79EFBC}") = "Greg.Xrm.Command.DataExtractor", "Greg.Xrm.Command.DataExtractor\Greg.Xrm.Command.DataExtractor.csproj", "{19F930AC-BA9E-459D-A488-3E3BFA8250EB}"
EndProject
Project("{FAE04EC0-301F-11D3-BF4B-00C04F79EFBC}") = "Greg.Xrm.Command.DataExtractor.TestSuite", "test\Greg.Xrm.Command.DataExtractor.TestSuite\Greg.Xrm.Command.DataExtractor.TestSuite.csproj", "{2339944B-EE84-406D-AB50-F5844FC7F1C6}"
EndProject
Global
	GlobalSection(SolutionConfigurationPlatforms) = preSolution
		Debug|Any CPU = Debug|Any CPU
		Release|Any CPU = Release|Any CPU
	EndGlobalSection
	GlobalSection(ProjectConfigurationPlatforms) = postSolution
		{19F930AC-BA9E-459D-A488-3E3BFA8250EB}.Debug|Any CPU.ActiveCfg = Debug|Any CPU
		{19F930AC-BA9E-459D-A488-3E3BFA8250EB}.Debug|Any CPU.Build.0 = Debug|Any CPU
		{19F930AC-BA9E-459D-A488-3E3BFA8250EB}.Release|Any CPU.ActiveCfg = Release|Any CPU
		{19F930AC-BA9E-459D-A488-3E3BFA8250EB}.Release|Any CPU.Build.0 = Release|Any CPU
		{2339944B-EE84-406D-AB50-F5844FC7F1C6}.Debug|Any CPU.ActiveCfg = Debug|Any CPU
		{2339944B-EE84-406D-AB50-F5844FC7F1C6}.Debug|Any CPU.Build.0 = Debug|Any CPU
		{2339944B-EE84-406D-AB50-F5844FC7F1C6}.Release|Any CPU.ActiveCfg = Release|Any CPU
		{2339944B-EE84-406D-AB50-F5844FC7F1C6}.Release|Any CPU.Build.0 = Release|Any CPU
	EndGlobalSection
	GlobalSection(SolutionProperties) = preSolution
		HideSolutionNode = FALSE
	EndGlobalSection
	GlobalSection(ExtensibilityGlobals) = postSolution
		SolutionGuid = {D1AEA9AF-E46E-4927-99E3-59E3F7A9E5C7}
	EndGlobalSection
EndGlobal
